
Microsoft Visual Studio Solution File, Format Version 12.00
# Visual Studio 15
VisualStudioVersion = 15.0.28307.2092
MinimumVisualStudioVersion = 10.0.40219.1
Project("{8BC9CEB8-8B4A-11D0-8D11-00A0C91BC942}") = "wxWidgets-each-panel-gradient", "wxWidgets-each-panel-gradient\wxWidgets-each-panel-gradient.vcxproj", "{3B068227-817E-45BA-9549-76EF1F4219B9}"
EndProject
Global
	GlobalSection(SolutionConfigurationPlatforms) = preSolution
		Debug|x64 = Debug|x64
		Debug|x86 = Debug|x86
		Release|x64 = Release|x64
		Release|x86 = Release|x86
	EndGlobalSection
	GlobalSection(ProjectConfigurationPlatforms) = postSolution
		{3B068227-817E-45BA-9549-76EF1F4219B9}.Debug|x64.ActiveCfg = Debug|x64
		{3B068227-817E-45BA-9549-76EF1F4219B9}.Debug|x64.Build.0 = Debug|x64
		{3B068227-817E-45BA-9549-76EF1F4219B9}.Debug|x86.ActiveCfg = Debug|Win32
		{3B068227-817E-45BA-9549-76EF1F4219B9}.Debug|x86.Build.0 = Debug|Win32
		{3B068227-817E-45BA-9549-76EF1F4219B9}.Release|x64.ActiveCfg = Release|x64
		{3B068227-817E-45BA-9549-76EF1F4219B9}.Release|x64.Build.0 = Release|x64
		{3B068227-817E-45BA-9549-76EF1F4219B9}.Release|x86.ActiveCfg = Release|Win32
		{3B068227-817E-45BA-9549-76EF1F4219B9}.Release|x86.Build.0 = Release|Win32
	EndGlobalSection
	GlobalSection(SolutionProperties) = preSolution
		HideSolutionNode = FALSE
	EndGlobalSection
	GlobalSection(ExtensibilityGlobals) = postSolution
		SolutionGuid = {E2CBAEBC-8CA9-4E7F-93B2-2C00C0909F49}
	EndGlobalSection
EndGlobal
